# This file was autogenerated by uv via the following command:
#    uv pip compile requirements-dev.txt -o requirements-dev.lock --universal
aiofiles==25.1.0
    # via -r requirements.txt
aiohappyeyeballs==2.6.1
    # via aiohttp
aiohttp==3.13.5
    # via -r requirements.txt
aiosignal==1.4.0
    # via aiohttp
annotated-types==0.7.0
    # via pydantic
attrs==26.1.0
    # via
    #   aiohttp
    #   outcome
    #   trio
beautifulsoup4==4.14.3
    # via
    #   yahooquery
    #   yfinance
black==26.3.1
    # via -r requirements-dev.txt
certifi==2026.4.22
    # via
    #   -r requirements.txt
    #   curl-cffi
    #   requests
    #   selenium
cffi==2.0.0
    # via
    #   curl-cffi
    #   trio
charset-normalizer==3.4.7
    # via requests
click==8.3.3
    # via black
colorama==0.4.6
    # via
    #   -r requirements.txt
    #   click
    #   pytest
    #   tqdm
contourpy==1.3.2
    # via matplotlib
coverage==7.13.5
    # via pytest-cov
curl-cffi==0.15.0
    # via
    #   yahooquery
    #   yfinance
cycler==0.12.1
    # via matplotlib
flake8==7.3.0
    # via -r requirements-dev.txt
fonttools==4.62.1
    # via matplotlib
frozendict==2.4.7
    # via yfinance
frozenlist==1.8.0
    # via
    #   aiohttp
    #   aiosignal
h11==0.16.0
    # via wsproto
idna==3.13
    # via
    #   requests
    #   trio
    #   yarl
iniconfig==2.3.0
    # via pytest
isort==8.0.1
    # via -r requirements-dev.txt
kiwisolver==1.5.0
    # via matplotlib
librt==0.9.0 ; platform_python_implementation != 'PyPy'
    # via mypy
lxml==6.1.0
    # via
    #   -r requirements.txt
    #   yahooquery
markdown-it-py==4.0.0
    # via rich
matplotlib==3.10.9
    # via -r requirements.txt
mccabe==0.7.0
    # via flake8
mdurl==0.1.2
    # via markdown-it-py
multidict==6.7.1
    # via
    #   aiohttp
    #   yarl
multitasking==0.0.13
    # via yfinance
mypy==1.20.2
    # via -r requirements-dev.txt
mypy-extensions==1.1.0
    # via
    #   black
    #   mypy
numpy==2.2.6
    # via
    #   -r requirements.txt
    #   contourpy
    #   matplotlib
    #   pandas
    #   scipy
    #   yfinance
outcome==1.3.0.post0
    # via
    #   trio
    #   trio-websocket
packaging==26.2
    # via
    #   black
    #   matplotlib
    #   pytest
pandas==2.3.3
    # via
    #   -r requirements.txt
    #   yahooquery
    #   yfinance
pathspec==1.1.1
    # via
    #   black
    #   mypy
peewee==4.0.5
    # via yfinance
pillow==12.2.0
    # via matplotlib
platformdirs==4.9.6
    # via
    #   black
    #   yfinance
pluggy==1.6.0
    # via
    #   pytest
    #   pytest-cov
propcache==0.4.1
    # via
    #   aiohttp
    #   yarl
protobuf==7.34.1
    # via yfinance
psutil==7.2.2
    # via -r requirements.txt
pyarrow==24.0.0
    # via -r requirements.txt
pycodestyle==2.14.0
    # via flake8
pycparser==3.0 ; implementation_name != 'PyPy'
    # via cffi
pydantic==2.13.3
    # via
    #   -r requirements.txt
    #   pydantic-settings
pydantic-core==2.46.3
    # via pydantic
pydantic-settings==2.14.0
    # via -r requirements.txt
pyflakes==3.4.0
    # via flake8
pygments==2.20.0
    # via
    #   pytest
    #   rich
pyparsing==3.3.2
    # via matplotlib
pysocks==1.7.1
    # via urllib3
pytest==9.0.3
    # via
    #   -r requirements-dev.txt
    #   pytest-asyncio
    #   pytest-cov
pytest-asyncio==1.3.0
    # via -r requirements-dev.txt
pytest-cov==7.1.0
    # via -r requirements-dev.txt
python-dateutil==2.9.0.post0
    # via
    #   -r requirements.txt
    #   matplotlib
    #   pandas
python-dotenv==1.2.2
    # via
    #   -r requirements.txt
    #   pydantic-settings
pytokens==0.4.1
    # via black
pytz==2026.2
    # via
    #   -r requirements.txt
    #   pandas
    #   yfinance
pyyaml==6.0.3
    # via -r requirements.txt
requests==2.33.1
    # via
    #   -r requirements.txt
    #   requests-futures
    #   yfinance
requests-futures==1.0.2
    # via yahooquery
rich==15.0.0
    # via curl-cffi
scipy==1.15.3
    # via -r requirements.txt
selenium==4.43.0
    # via -r requirements.txt
six==1.17.0
    # via python-dateutil
sniffio==1.3.1
    # via trio
sortedcontainers==2.4.0
    # via trio
soupsieve==2.8.3
    # via beautifulsoup4
tabulate==0.10.0
    # via -r requirements.txt
tqdm==4.67.3
    # via
    #   -r requirements.txt
    #   yahooquery
trio==0.33.0
    # via
    #   selenium
    #   trio-websocket
trio-websocket==0.12.2
    # via selenium
types-pyyaml==6.0.12.20260408
    # via -r requirements-dev.txt
types-requests==2.33.0.20260503
    # via -r requirements-dev.txt
types-setuptools==82.0.0.20260408
    # via -r requirements-dev.txt
types-tabulate==0.10.0.20260408
    # via -r requirements-dev.txt
typing-extensions==4.15.0
    # via
    #   aiosignal
    #   beautifulsoup4
    #   mypy
    #   pydantic
    #   pydantic-core
    #   pytest-asyncio
    #   selenium
    #   typing-inspection
typing-inspection==0.4.2
    # via
    #   pydantic
    #   pydantic-settings
tzdata==2026.2
    # via pandas
urllib3==2.6.3
    # via
    #   requests
    #   selenium
    #   types-requests
websocket-client==1.9.0
    # via selenium
websockets==16.0
    # via yfinance
wsproto==1.3.2
    # via trio-websocket
yahooquery==2.4.1
    # via -r requirements.txt
yarl==1.23.0
    # via aiohttp
yfinance==1.3.0
    # via -r requirements.txt
